
Microsoft Visual Studio Solution File, Format Version 12.00
# Visual Studio 2017
Project("{FAE04EC0-301F-11D3-BF4B-00C04F79EFBC}") = "alien_shooter_youtube_game", "alien_shooter_youtube_game.csproj", "{5DAAA9A3-E31B-9CC7-596F-94812F8346CD}"
EndProject
Project("{FAE04EC0-301F-11D3-BF4B-00C04F79EFBC}") = "alien_shooter_youtube_game.Plugins", "alien_shooter_youtube_game.Plugins.csproj", "{1BD7381D-293F-1375-CBD3-441F28222C77}"
EndProject
Project("{FAE04EC0-301F-11D3-BF4B-00C04F79EFBC}") = "alien_shooter_youtube_game.Editor.Plugins", "alien_shooter_youtube_game.Editor.Plugins.csproj", "{68E0B70F-D2A0-32E9-99F9-2688661D216A}"
EndProject
Global
	GlobalSection(SolutionConfigurationPlatforms) = preSolution
		Debug|Any CPU = Debug|Any CPU
		Release|Any CPU = Release|Any CPU
	EndGlobalSection
	GlobalSection(ProjectConfigurationPlatforms) = postSolution
		{5DAAA9A3-E31B-9CC7-596F-94812F8346CD}.Debug|Any CPU.ActiveCfg = Debug|Any CPU
		{5DAAA9A3-E31B-9CC7-596F-94812F8346CD}.Debug|Any CPU.Build.0 = Debug|Any CPU
		{5DAAA9A3-E31B-9CC7-596F-94812F8346CD}.Release|Any CPU.ActiveCfg = Release|Any CPU
		{5DAAA9A3-E31B-9CC7-596F-94812F8346CD}.Release|Any CPU.Build.0 = Release|Any CPU
		{1BD7381D-293F-1375-CBD3-441F28222C77}.Debug|Any CPU.ActiveCfg = Debug|Any CPU
		{1BD7381D-293F-1375-CBD3-441F28222C77}.Debug|Any CPU.Build.0 = Debug|Any CPU
		{1BD7381D-293F-1375-CBD3-441F28222C77}.Release|Any CPU.ActiveCfg = Release|Any CPU
		{1BD7381D-293F-1375-CBD3-441F28222C77}.Release|Any CPU.Build.0 = Release|Any CPU
		{68E0B70F-D2A0-32E9-99F9-2688661D216A}.Debug|Any CPU.ActiveCfg = Debug|Any CPU
		{68E0B70F-D2A0-32E9-99F9-2688661D216A}.Debug|Any CPU.Build.0 = Debug|Any CPU
		{68E0B70F-D2A0-32E9-99F9-2688661D216A}.Release|Any CPU.ActiveCfg = Release|Any CPU
		{68E0B70F-D2A0-32E9-99F9-2688661D216A}.Release|Any CPU.Build.0 = Release|Any CPU
	EndGlobalSection
	GlobalSection(SolutionProperties) = preSolution
		HideSolutionNode = FALSE
	EndGlobalSection
EndGlobal
